
Microsoft Visual Studio Solution File, Format Version 12.00
# Visual Studio Version 17
VisualStudioVersion = 17.4.33205.214
MinimumVisualStudioVersion = 10.0.40219.1
Project("{9A19103F-16F7-4668-BE54-9A1E7A4F7556}") = "TraversalCoreProject", "TraversalCoreProject\TraversalCoreProject.csproj", "{4487B1B6-FD8D-4327-8379-092C5C1B59D5}"
EndProject
Project("{9A19103F-16F7-4668-BE54-9A1E7A4F7556}") = "EntityLayer", "EntityLayer\EntityLayer.csproj", "{ABE08B01-DF1F-42E2-8A7A-01C4513D2ACB}"
EndProject
Project("{9A19103F-16F7-4668-BE54-9A1E7A4F7556}") = "DataAccessLayer", "DataAccessLayer\DataAccessLayer.csproj", "{3EEE98D2-4335-401D-A8D3-853D7442CEEF}"
EndProject
Project("{9A19103F-16F7-4668-BE54-9A1E7A4F7556}") = "BusinessLayer", "BusinessLayer\BusinessLayer.csproj", "{48BBEDF2-BF84-487A-9E8C-C568ED66D4B8}"
EndProject
Project("{9A19103F-16F7-4668-BE54-9A1E7A4F7556}") = "DTOLayer", "DTOLayer\DTOLayer.csproj", "{21DF19DA-62D1-43F4-AC0C-936D4FD144FB}"
EndProject
Project("{9A19103F-16F7-4668-BE54-9A1E7A4F7556}") = "SignalRApi", "SignalRApi\SignalRApi.csproj", "{73E71A24-441A-488B-8912-F7BAF02636EC}"
EndProject
Project("{FAE04EC0-301F-11D3-BF4B-00C04F79EFBC}") = "SignalRConsume", "SignalRConsume\SignalRConsume.csproj", "{C8DD7A3B-3637-44FB-A365-8095B09F72B6}"
EndProject
Global
	GlobalSection(SolutionConfigurationPlatforms) = preSolution
		Debug|Any CPU = Debug|Any CPU
		Release|Any CPU = Release|Any CPU
	EndGlobalSection
	GlobalSection(ProjectConfigurationPlatforms) = postSolution
		{4487B1B6-FD8D-4327-8379-092C5C1B59D5}.Debug|Any CPU.ActiveCfg = Debug|Any CPU
		{4487B1B6-FD8D-4327-8379-092C5C1B59D5}.Debug|Any CPU.Build.0 = Debug|Any CPU
		{4487B1B6-FD8D-4327-8379-092C5C1B59D5}.Release|Any CPU.ActiveCfg = Release|Any CPU
		{4487B1B6-FD8D-4327-8379-092C5C1B59D5}.Release|Any CPU.Build.0 = Release|Any CPU
		{ABE08B01-DF1F-42E2-8A7A-01C4513D2ACB}.Debug|Any CPU.ActiveCfg = Debug|Any CPU
		{ABE08B01-DF1F-42E2-8A7A-01C4513D2ACB}.Debug|Any CPU.Build.0 = Debug|Any CPU
		{ABE08B01-DF1F-42E2-8A7A-01C4513D2ACB}.Release|Any CPU.ActiveCfg = Release|Any CPU
		{ABE08B01-DF1F-42E2-8A7A-01C4513D2ACB}.Release|Any CPU.Build.0 = Release|Any CPU
		{3EEE98D2-4335-401D-A8D3-853D7442CEEF}.Debug|Any CPU.ActiveCfg = Debug|Any CPU
		{3EEE98D2-4335-401D-A8D3-853D7442CEEF}.Debug|Any CPU.Build.0 = Debug|Any CPU
		{3EEE98D2-4335-401D-A8D3-853D7442CEEF}.Release|Any CPU.ActiveCfg = Release|Any CPU
		{3EEE98D2-4335-401D-A8D3-853D7442CEEF}.Release|Any CPU.Build.0 = Release|Any CPU
		{48BBEDF2-BF84-487A-9E8C-C568ED66D4B8}.Debug|Any CPU.ActiveCfg = Debug|Any CPU
		{48BBEDF2-BF84-487A-9E8C-C568ED66D4B8}.Debug|Any CPU.Build.0 = Debug|Any CPU
		{48BBEDF2-BF84-487A-9E8C-C568ED66D4B8}.Release|Any CPU.ActiveCfg = Release|Any CPU
		{48BBEDF2-BF84-487A-9E8C-C568ED66D4B8}.Release|Any CPU.Build.0 = Release|Any CPU
		{21DF19DA-62D1-43F4-AC0C-936D4FD144FB}.Debug|Any CPU.ActiveCfg = Debug|Any CPU
		{21DF19DA-62D1-43F4-AC0C-936D4FD144FB}.Debug|Any CPU.Build.0 = Debug|Any CPU
		{21DF19DA-62D1-43F4-AC0C-936D4FD144FB}.Release|Any CPU.ActiveCfg = Release|Any CPU
		{21DF19DA-62D1-43F4-AC0C-936D4FD144FB}.Release|Any CPU.Build.0 = Release|Any CPU
		{73E71A24-441A-488B-8912-F7BAF02636EC}.Debug|Any CPU.ActiveCfg = Debug|Any CPU
		{73E71A24-441A-488B-8912-F7BAF02636EC}.Debug|Any CPU.Build.0 = Debug|Any CPU
		{73E71A24-441A-488B-8912-F7BAF02636EC}.Release|Any CPU.ActiveCfg = Release|Any CPU
		{73E71A24-441A-488B-8912-F7BAF02636EC}.Release|Any CPU.Build.0 = Release|Any CPU
		{C8DD7A3B-3637-44FB-A365-8095B09F72B6}.Debug|Any CPU.ActiveCfg = Debug|Any CPU
		{C8DD7A3B-3637-44FB-A365-8095B09F72B6}.Debug|Any CPU.Build.0 = Debug|Any CPU
		{C8DD7A3B-3637-44FB-A365-8095B09F72B6}.Release|Any CPU.ActiveCfg = Release|Any CPU
		{C8DD7A3B-3637-44FB-A365-8095B09F72B6}.Release|Any CPU.Build.0 = Release|Any CPU
	EndGlobalSection
	GlobalSection(SolutionProperties) = preSolution
		HideSolutionNode = FALSE
	EndGlobalSection
	GlobalSection(ExtensibilityGlobals) = postSolution
		SolutionGuid = {7014521A-E283-46CA-9DD0-A9F0CC7AC0D9}
	EndGlobalSection
EndGlobal
